<?xml version="1.0" encoding="utf-8"?>
<Project ToolsVersion="4.0" xmlns="http://schemas.microsoft.com/developer/msbuild/2003">
  <ItemGroup>
    <Filter Include="Source Files">
      <UniqueIdentifier>{4FC737F1-C7A5-4376-A066-2A32D752A2FF}</UniqueIdentifier>
      <Extensions>cpp;c;cc;cxx;c++;cppm;ixx;def;odl;idl;hpj;bat;asm;asmx</Extensions>
    </Filter>
    <Filter Include="Header Files">
      <UniqueIdentifier>{93995380-89BD-4b04-88EB-625FBE52EBFB}</UniqueIdentifier>
      <Extensions>h;hh;hpp;hxx;h++;hm;inl;inc;ipp;xsd</Extensions>
    </Filter>
    <Filter Include="Resource Files">
      <UniqueIdentifier>{67DA6AB6-F800-4c08-8B7A-83BB121AAD01}</UniqueIdentifier>
      <Extensions>rc;ico;cur;bmp;dlg;rc2;rct;bin;rgs;gif;jpg;jpeg;jpe;resx;tiff;tif;png;wav;mfcribbon-ms</Extensions>
    </Filter>
    <Filter Include="shaders">
      <UniqueIdentifier>{03778d75-e5fc-49a2-a499-bbbbd6d0d6a5}</UniqueIdentifier>
    </Filter>
  </ItemGroup>
  <ItemGroup>
    <ClCompile Include="main.cpp">
      <Filter>Source Files</Filter>
    </ClCompile>
  </ItemGroup>
  <ItemGroup>
    <Image Include="..\Debug\back.bmp">
      <Filter>Resource Files</Filter>
    </Image>
    <Image Include="..\Debug\ball.bmp">
      <Filter>Resource Files</Filter>
    </Image>
    <Image Include="..\Debug\racket.bmp">
      <Filter>Resource Files</Filter>
    </Image>
    <Image Include="..\Debug\racket_enemy.bmp">
      <Filter>Resource Files</Filter>
    </Image>
    <Image Include="Debug\animal.png">
      <Filter>Resource Files</Filter>
    </Image>
    <Image Include="Debug\plant.png">
      <Filter>Resource Files</Filter>
    </Image>
    <Image Include="Debug\grass.jpg">
      <Filter>Resource Files</Filter>
    </Image>
    <Image Include="Debug\grass2.jpg">
      <Filter>Resource Files</Filter>
    </Image>
    <Image Include="Debug\grass3.jpg">
      <Filter>Resource Files</Filter>
    </Image>
    <Image Include="Debug\kust.png">
      <Filter>Resource Files</Filter>
    </Image>
    <Image Include="Debug\wolf.png">
      <Filter>Resource Files</Filter>
    </Image>
    <Image Include="Debug\bear.png">
      <Filter>Resource Files</Filter>
    </Image>
    <Image Include="Debug\bigBush.png">
      <Filter>Resource Files</Filter>
    </Image>
    <Image Include="Debug\eagleFemale.png">
      <Filter>Resource Files</Filter>
    </Image>
    <Image Include="Debug\i.jpg">
      <Filter>Resource Files</Filter>
    </Image>
    <Image Include="Debug\bigTree.png">
      <Filter>Resource Files</Filter>
    </Image>
    <Image Include="Debug\rat.png">
      <Filter>Resource Files</Filter>
    </Image>
    <Image Include="Debug\smallBush.png">
      <Filter>Resource Files</Filter>
    </Image>
    <Image Include="Debug\smallTree.png">
      <Filter>Resource Files</Filter>
    </Image>
    <Image Include="Debug\standartBush.png">
      <Filter>Resource Files</Filter>
    </Image>
    <Image Include="Debug\standartTree.png">
      <Filter>Resource Files</Filter>
    </Image>
    <Image Include="Debug\eagleMale.png">
      <Filter>Resource Files</Filter>
    </Image>
    <Image Include="Debug\infectRat.png">
      <Filter>Resource Files</Filter>
    </Image>
    <Image Include="Debug\exit.png">
      <Filter>Resource Files</Filter>
    </Image>
    <Image Include="Debug\start.png">
      <Filter>Resource Files</Filter>
    </Image>
    <Image Include="Debug\menu.png">
      <Filter>Resource Files</Filter>
    </Image>
    <Image Include="Debug\lightning.png">
      <Filter>Resource Files</Filter>
    </Image>
    <Image Include="Debug\Трава1.png">
      <Filter>Resource Files</Filter>
    </Image>
    <Image Include="Debug\Трава2.png">
      <Filter>Resource Files</Filter>
    </Image>
    <Image Include="Debug\Трава3.png">
      <Filter>Resource Files</Filter>
    </Image>
  </ItemGroup>
  <ItemGroup>
    <Media Include="..\Debug\bounce.wav">
      <Filter>Resource Files</Filter>
    </Media>
    <Media Include="..\Debug\fail.wav">
      <Filter>Resource Files</Filter>
    </Media>
    <Media Include="..\Debug\music.mp3" />
  </ItemGroup>
  <ItemGroup>
    <ClInclude Include="dx11.h">
      <Filter>Source Files</Filter>
    </ClInclude>
    <ClInclude Include="Loop.h">
      <Filter>Source Files</Filter>
    </ClInclude>
    <ClInclude Include="targetver.h">
      <Filter>Header Files</Filter>
    </ClInclude>
    <ClInclude Include="Resource.h">
      <Filter>Header Files</Filter>
    </ClInclude>
    <ClInclude Include="framework.h">
      <Filter>Header Files</Filter>
    </ClInclude>
    <ClInclude Include="ecosystem.h">
      <Filter>Header Files</Filter>
    </ClInclude>
    <ClInclude Include="MainWindow.h">
      <Filter>Header Files</Filter>
    </ClInclude>
    <ClInclude Include="timer.h">
      <Filter>Header Files</Filter>
    </ClInclude>
    <ClInclude Include="WICTextureLoader.h">
      <Filter>Header Files</Filter>
    </ClInclude>
    <ClInclude Include="Classes.h">
      <Filter>Header Files</Filter>
    </ClInclude>
    <ClInclude Include="GameConfig.h">
      <Filter>Header Files</Filter>
    </ClInclude>
    <ClInclude Include="Chunks.h">
      <Filter>Header Files</Filter>
    </ClInclude>
    <ClInclude Include="2d.h">
      <Filter>shaders</Filter>
    </ClInclude>
    <ClInclude Include="layer.h">
      <Filter>shaders</Filter>
    </ClInclude>
    <ClInclude Include="mousePS.h">
      <Filter>shaders</Filter>
    </ClInclude>
    <ClInclude Include="mouseVS.h">
      <Filter>shaders</Filter>
    </ClInclude>
    <ClInclude Include="popPS.h">
      <Filter>shaders</Filter>
    </ClInclude>
    <ClInclude Include="popVS.h">
      <Filter>shaders</Filter>
    </ClInclude>
    <ClInclude Include="PS.h">
      <Filter>shaders</Filter>
    </ClInclude>
    <ClInclude Include="relefPS.h">
      <Filter>shaders</Filter>
    </ClInclude>
    <ClInclude Include="relefVS.h">
      <Filter>shaders</Filter>
    </ClInclude>
    <ClInclude Include="VS.h">
      <Filter>shaders</Filter>
    </ClInclude>
    <ClInclude Include="water.h">
      <Filter>shaders</Filter>
    </ClInclude>
    <ClInclude Include="fonPS.h">
      <Filter>shaders</Filter>
    </ClInclude>
    <ClInclude Include="fonVS.h">
      <Filter>shaders</Filter>
    </ClInclude>
    <ClInclude Include="menuVS.h">
      <Filter>shaders</Filter>
    </ClInclude>
    <ClInclude Include="menuPS.h">
      <Filter>shaders</Filter>
    </ClInclude>
    <ClInclude Include="lightningPS.h">
      <Filter>shaders</Filter>
    </ClInclude>
    <ClInclude Include="lightningVS.h">
      <Filter>shaders</Filter>
    </ClInclude>
    <ClInclude Include="slotPS.h">
      <Filter>shaders</Filter>
    </ClInclude>
    <ClInclude Include="slotVS.h">
      <Filter>shaders</Filter>
    </ClInclude>
  </ItemGroup>
  <ItemGroup>
    <None Include="packages.config" />
  </ItemGroup>
</Project>